
Microsoft Visual Studio Solution File, Format Version 12.00
# Visual Studio 15
Project("{FAE04EC0-301F-11D3-BF4B-00C04F79EFBC}") = "Assembly-CSharp-firstpass", "Assembly-CSharp-firstpass.csproj", "{72D7CC91-B013-3402-30CA-F2B90BF24422}"
EndProject
Project("{FAE04EC0-301F-11D3-BF4B-00C04F79EFBC}") = "Assembly-CSharp", "Assembly-CSharp.csproj", "{03825FD9-5599-E1EB-7774-D098487434F0}"
EndProject
Project("{FAE04EC0-301F-11D3-BF4B-00C04F79EFBC}") = "Assembly-CSharp-Editor-firstpass", "Assembly-CSharp-Editor-firstpass.csproj", "{E61E3826-EEEF-DA7E-5B16-DF4997AD8D79}"
EndProject
Project("{FAE04EC0-301F-11D3-BF4B-00C04F79EFBC}") = "Assembly-CSharp-Editor", "Assembly-CSharp-Editor.csproj", "{B1E101F9-207C-1EEA-F404-ABED0998A92D}"
EndProject
Global
	GlobalSection(SolutionConfigurationPlatforms) = preSolution
		Debug|Any CPU = Debug|Any CPU
		Release|Any CPU = Release|Any CPU
	EndGlobalSection
	GlobalSection(ProjectConfigurationPlatforms) = postSolution
		{72D7CC91-B013-3402-30CA-F2B90BF24422}.Debug|Any CPU.ActiveCfg = Debug|Any CPU
		{72D7CC91-B013-3402-30CA-F2B90BF24422}.Debug|Any CPU.Build.0 = Debug|Any CPU
		{72D7CC91-B013-3402-30CA-F2B90BF24422}.Release|Any CPU.ActiveCfg = Release|Any CPU
		{72D7CC91-B013-3402-30CA-F2B90BF24422}.Release|Any CPU.Build.0 = Release|Any CPU
		{03825FD9-5599-E1EB-7774-D098487434F0}.Debug|Any CPU.ActiveCfg = Debug|Any CPU
		{03825FD9-5599-E1EB-7774-D098487434F0}.Debug|Any CPU.Build.0 = Debug|Any CPU
		{03825FD9-5599-E1EB-7774-D098487434F0}.Release|Any CPU.ActiveCfg = Release|Any CPU
		{03825FD9-5599-E1EB-7774-D098487434F0}.Release|Any CPU.Build.0 = Release|Any CPU
		{E61E3826-EEEF-DA7E-5B16-DF4997AD8D79}.Debug|Any CPU.ActiveCfg = Debug|Any CPU
		{E61E3826-EEEF-DA7E-5B16-DF4997AD8D79}.Debug|Any CPU.Build.0 = Debug|Any CPU
		{E61E3826-EEEF-DA7E-5B16-DF4997AD8D79}.Release|Any CPU.ActiveCfg = Release|Any CPU
		{E61E3826-EEEF-DA7E-5B16-DF4997AD8D79}.Release|Any CPU.Build.0 = Release|Any CPU
		{B1E101F9-207C-1EEA-F404-ABED0998A92D}.Debug|Any CPU.ActiveCfg = Debug|Any CPU
		{B1E101F9-207C-1EEA-F404-ABED0998A92D}.Debug|Any CPU.Build.0 = Debug|Any CPU
		{B1E101F9-207C-1EEA-F404-ABED0998A92D}.Release|Any CPU.ActiveCfg = Release|Any CPU
		{B1E101F9-207C-1EEA-F404-ABED0998A92D}.Release|Any CPU.Build.0 = Release|Any CPU
	EndGlobalSection
	GlobalSection(SolutionProperties) = preSolution
		HideSolutionNode = FALSE
	EndGlobalSection
EndGlobal
