
Microsoft Visual Studio Solution File, Format Version 11.00
# Visual Studio 2010
Project("{FAE04EC0-301F-11D3-BF4B-00C04F79EFBC}") = "Assembly-CSharp", "Assembly-CSharp.csproj", "{FFD36548-DAB0-90CD-8318-46B04D0B7CCE}"
EndProject
Project("{FAE04EC0-301F-11D3-BF4B-00C04F79EFBC}") = "Assembly-CSharp-firstpass", "Assembly-CSharp-firstpass.csproj", "{A49698FE-4EB1-045C-055F-C61D9CF3A85B}"
EndProject
Project("{FAE04EC0-301F-11D3-BF4B-00C04F79EFBC}") = "Assembly-CSharp-Editor", "Assembly-CSharp-Editor.csproj", "{B7AF1967-6AC2-9D9B-5D70-78F2C5B70CEB}"
EndProject
Global
	GlobalSection(SolutionConfigurationPlatforms) = preSolution
		Debug|Any CPU = Debug|Any CPU
		Release|Any CPU = Release|Any CPU
	EndGlobalSection
	GlobalSection(ProjectConfigurationPlatforms) = postSolution
		{FFD36548-DAB0-90CD-8318-46B04D0B7CCE}.Debug|Any CPU.ActiveCfg = Debug|Any CPU
		{FFD36548-DAB0-90CD-8318-46B04D0B7CCE}.Debug|Any CPU.Build.0 = Debug|Any CPU
		{FFD36548-DAB0-90CD-8318-46B04D0B7CCE}.Release|Any CPU.ActiveCfg = Release|Any CPU
		{FFD36548-DAB0-90CD-8318-46B04D0B7CCE}.Release|Any CPU.Build.0 = Release|Any CPU
		{A49698FE-4EB1-045C-055F-C61D9CF3A85B}.Debug|Any CPU.ActiveCfg = Debug|Any CPU
		{A49698FE-4EB1-045C-055F-C61D9CF3A85B}.Debug|Any CPU.Build.0 = Debug|Any CPU
		{A49698FE-4EB1-045C-055F-C61D9CF3A85B}.Release|Any CPU.ActiveCfg = Release|Any CPU
		{A49698FE-4EB1-045C-055F-C61D9CF3A85B}.Release|Any CPU.Build.0 = Release|Any CPU
		{B7AF1967-6AC2-9D9B-5D70-78F2C5B70CEB}.Debug|Any CPU.ActiveCfg = Debug|Any CPU
		{B7AF1967-6AC2-9D9B-5D70-78F2C5B70CEB}.Debug|Any CPU.Build.0 = Debug|Any CPU
		{B7AF1967-6AC2-9D9B-5D70-78F2C5B70CEB}.Release|Any CPU.ActiveCfg = Release|Any CPU
		{B7AF1967-6AC2-9D9B-5D70-78F2C5B70CEB}.Release|Any CPU.Build.0 = Release|Any CPU
	EndGlobalSection
	GlobalSection(SolutionProperties) = preSolution
		HideSolutionNode = FALSE
	EndGlobalSection
EndGlobal
